
Microsoft Visual Studio Solution File, Format Version 11.00
# Visual Studio 2010
Project("{FAE04EC0-301F-11D3-BF4B-00C04F79EFBC}") = "Portfolio.Business", "Portfolio.Business\Portfolio.Business.csproj", "{C7788C46-D454-4EA9-87C3-6A525A44BC8E}"
EndProject
Project("{FAE04EC0-301F-11D3-BF4B-00C04F79EFBC}") = "Portfolio.Data", "Portfolio.Data\Portfolio.Data.csproj", "{E063E4C2-E081-4A0B-B420-757D307EE670}"
EndProject
Project("{FAE04EC0-301F-11D3-BF4B-00C04F79EFBC}") = "Portfolio.Reference", "Portfolio.Reference\Portfolio.Reference.csproj", "{4515B48B-40C6-44E6-A9C1-31A3602F43B4}"
EndProject
Project("{FAE04EC0-301F-11D3-BF4B-00C04F79EFBC}") = "Portfolio.TestWin", "Portfolio.TestWin\Portfolio.TestWin.csproj", "{E56FF8DF-A771-4792-9899-EC46CD72A805}"
EndProject
Project("{FAE04EC0-301F-11D3-BF4B-00C04F79EFBC}") = "Portfolio.Loader", "Portfolio.Loader\Portfolio.Loader.csproj", "{ADBED4C8-3EFC-468B-88AA-EFBEC7DEE7EE}"
EndProject
Project("{FAE04EC0-301F-11D3-BF4B-00C04F79EFBC}") = "Portfolio.Job", "Portfolio.Job\Portfolio.Job.csproj", "{96DF60D8-0B65-41B9-8A43-08FF823864B9}"
EndProject
Project("{FAE04EC0-301F-11D3-BF4B-00C04F79EFBC}") = "Portfolio.Common", "Portfolio.Common\Portfolio.Common.csproj", "{C35BB142-8CED-45A2-B104-313458DE4CDF}"
EndProject
Project("{FAE04EC0-301F-11D3-BF4B-00C04F79EFBC}") = "Portfolio.MVC", "Portfolio.MVC\Portfolio.MVC.csproj", "{9C7BAB70-FFE4-4551-9A98-FACE5B684C04}"
EndProject
Project("{FAE04EC0-301F-11D3-BF4B-00C04F79EFBC}") = "Portfolio.AzureJobRole", "Portfolio.AzureJobRole\Portfolio.AzureJobRole.csproj", "{4FD25D39-4081-40EF-BE2B-C7FE0C11FA72}"
EndProject
Project("{CC5FD16D-436D-48AD-A40C-5A424C6E3E79}") = "Portfolio.AzureService", "Portfolio.AzureService\Portfolio.AzureService.ccproj", "{DE9CD6C7-59E8-4CB6-804A-0F861E5A27A4}"
EndProject
Global
	GlobalSection(SolutionConfigurationPlatforms) = preSolution
		Debug|Any CPU = Debug|Any CPU
		Debug|Mixed Platforms = Debug|Mixed Platforms
		Debug|x86 = Debug|x86
		Release|Any CPU = Release|Any CPU
		Release|Mixed Platforms = Release|Mixed Platforms
		Release|x86 = Release|x86
	EndGlobalSection
	GlobalSection(ProjectConfigurationPlatforms) = postSolution
		{C7788C46-D454-4EA9-87C3-6A525A44BC8E}.Debug|Any CPU.ActiveCfg = Debug|Any CPU
		{C7788C46-D454-4EA9-87C3-6A525A44BC8E}.Debug|Any CPU.Build.0 = Debug|Any CPU
		{C7788C46-D454-4EA9-87C3-6A525A44BC8E}.Debug|Mixed Platforms.ActiveCfg = Debug|Any CPU
		{C7788C46-D454-4EA9-87C3-6A525A44BC8E}.Debug|Mixed Platforms.Build.0 = Debug|Any CPU
		{C7788C46-D454-4EA9-87C3-6A525A44BC8E}.Debug|x86.ActiveCfg = Debug|Any CPU
		{C7788C46-D454-4EA9-87C3-6A525A44BC8E}.Release|Any CPU.ActiveCfg = Release|Any CPU
		{C7788C46-D454-4EA9-87C3-6A525A44BC8E}.Release|Any CPU.Build.0 = Release|Any CPU
		{C7788C46-D454-4EA9-87C3-6A525A44BC8E}.Release|Mixed Platforms.ActiveCfg = Release|Any CPU
		{C7788C46-D454-4EA9-87C3-6A525A44BC8E}.Release|Mixed Platforms.Build.0 = Release|Any CPU
		{C7788C46-D454-4EA9-87C3-6A525A44BC8E}.Release|x86.ActiveCfg = Release|Any CPU
		{E063E4C2-E081-4A0B-B420-757D307EE670}.Debug|Any CPU.ActiveCfg = Debug|Any CPU
		{E063E4C2-E081-4A0B-B420-757D307EE670}.Debug|Any CPU.Build.0 = Debug|Any CPU
		{E063E4C2-E081-4A0B-B420-757D307EE670}.Debug|Mixed Platforms.ActiveCfg = Debug|Any CPU
		{E063E4C2-E081-4A0B-B420-757D307EE670}.Debug|Mixed Platforms.Build.0 = Debug|Any CPU
		{E063E4C2-E081-4A0B-B420-757D307EE670}.Debug|x86.ActiveCfg = Debug|Any CPU
		{E063E4C2-E081-4A0B-B420-757D307EE670}.Release|Any CPU.ActiveCfg = Release|Any CPU
		{E063E4C2-E081-4A0B-B420-757D307EE670}.Release|Any CPU.Build.0 = Release|Any CPU
		{E063E4C2-E081-4A0B-B420-757D307EE670}.Release|Mixed Platforms.ActiveCfg = Release|Any CPU
		{E063E4C2-E081-4A0B-B420-757D307EE670}.Release|Mixed Platforms.Build.0 = Release|Any CPU
		{E063E4C2-E081-4A0B-B420-757D307EE670}.Release|x86.ActiveCfg = Release|Any CPU
		{4515B48B-40C6-44E6-A9C1-31A3602F43B4}.Debug|Any CPU.ActiveCfg = Debug|Any CPU
		{4515B48B-40C6-44E6-A9C1-31A3602F43B4}.Debug|Any CPU.Build.0 = Debug|Any CPU
		{4515B48B-40C6-44E6-A9C1-31A3602F43B4}.Debug|Mixed Platforms.ActiveCfg = Debug|Any CPU
		{4515B48B-40C6-44E6-A9C1-31A3602F43B4}.Debug|Mixed Platforms.Build.0 = Debug|Any CPU
		{4515B48B-40C6-44E6-A9C1-31A3602F43B4}.Debug|x86.ActiveCfg = Debug|Any CPU
		{4515B48B-40C6-44E6-A9C1-31A3602F43B4}.Release|Any CPU.ActiveCfg = Release|Any CPU
		{4515B48B-40C6-44E6-A9C1-31A3602F43B4}.Release|Any CPU.Build.0 = Release|Any CPU
		{4515B48B-40C6-44E6-A9C1-31A3602F43B4}.Release|Mixed Platforms.ActiveCfg = Release|Any CPU
		{4515B48B-40C6-44E6-A9C1-31A3602F43B4}.Release|Mixed Platforms.Build.0 = Release|Any CPU
		{4515B48B-40C6-44E6-A9C1-31A3602F43B4}.Release|x86.ActiveCfg = Release|Any CPU
		{E56FF8DF-A771-4792-9899-EC46CD72A805}.Debug|Any CPU.ActiveCfg = Debug|x86
		{E56FF8DF-A771-4792-9899-EC46CD72A805}.Debug|Any CPU.Build.0 = Debug|x86
		{E56FF8DF-A771-4792-9899-EC46CD72A805}.Debug|Mixed Platforms.ActiveCfg = Debug|x86
		{E56FF8DF-A771-4792-9899-EC46CD72A805}.Debug|Mixed Platforms.Build.0 = Debug|x86
		{E56FF8DF-A771-4792-9899-EC46CD72A805}.Debug|x86.ActiveCfg = Debug|x86
		{E56FF8DF-A771-4792-9899-EC46CD72A805}.Debug|x86.Build.0 = Debug|x86
		{E56FF8DF-A771-4792-9899-EC46CD72A805}.Release|Any CPU.ActiveCfg = Release|x86
		{E56FF8DF-A771-4792-9899-EC46CD72A805}.Release|Mixed Platforms.ActiveCfg = Release|x86
		{E56FF8DF-A771-4792-9899-EC46CD72A805}.Release|Mixed Platforms.Build.0 = Release|x86
		{E56FF8DF-A771-4792-9899-EC46CD72A805}.Release|x86.ActiveCfg = Release|x86
		{E56FF8DF-A771-4792-9899-EC46CD72A805}.Release|x86.Build.0 = Release|x86
		{ADBED4C8-3EFC-468B-88AA-EFBEC7DEE7EE}.Debug|Any CPU.ActiveCfg = Debug|Any CPU
		{ADBED4C8-3EFC-468B-88AA-EFBEC7DEE7EE}.Debug|Any CPU.Build.0 = Debug|Any CPU
		{ADBED4C8-3EFC-468B-88AA-EFBEC7DEE7EE}.Debug|Mixed Platforms.ActiveCfg = Debug|Any CPU
		{ADBED4C8-3EFC-468B-88AA-EFBEC7DEE7EE}.Debug|Mixed Platforms.Build.0 = Debug|Any CPU
		{ADBED4C8-3EFC-468B-88AA-EFBEC7DEE7EE}.Debug|x86.ActiveCfg = Debug|Any CPU
		{ADBED4C8-3EFC-468B-88AA-EFBEC7DEE7EE}.Release|Any CPU.ActiveCfg = Release|Any CPU
		{ADBED4C8-3EFC-468B-88AA-EFBEC7DEE7EE}.Release|Any CPU.Build.0 = Release|Any CPU
		{ADBED4C8-3EFC-468B-88AA-EFBEC7DEE7EE}.Release|Mixed Platforms.ActiveCfg = Release|Any CPU
		{ADBED4C8-3EFC-468B-88AA-EFBEC7DEE7EE}.Release|Mixed Platforms.Build.0 = Release|Any CPU
		{ADBED4C8-3EFC-468B-88AA-EFBEC7DEE7EE}.Release|x86.ActiveCfg = Release|Any CPU
		{96DF60D8-0B65-41B9-8A43-08FF823864B9}.Debug|Any CPU.ActiveCfg = Debug|x86
		{96DF60D8-0B65-41B9-8A43-08FF823864B9}.Debug|Any CPU.Build.0 = Debug|x86
		{96DF60D8-0B65-41B9-8A43-08FF823864B9}.Debug|Mixed Platforms.ActiveCfg = Debug|x86
		{96DF60D8-0B65-41B9-8A43-08FF823864B9}.Debug|Mixed Platforms.Build.0 = Debug|x86
		{96DF60D8-0B65-41B9-8A43-08FF823864B9}.Debug|x86.ActiveCfg = Debug|x86
		{96DF60D8-0B65-41B9-8A43-08FF823864B9}.Debug|x86.Build.0 = Debug|x86
		{96DF60D8-0B65-41B9-8A43-08FF823864B9}.Release|Any CPU.ActiveCfg = Release|x86
		{96DF60D8-0B65-41B9-8A43-08FF823864B9}.Release|Mixed Platforms.ActiveCfg = Release|x86
		{96DF60D8-0B65-41B9-8A43-08FF823864B9}.Release|Mixed Platforms.Build.0 = Release|x86
		{96DF60D8-0B65-41B9-8A43-08FF823864B9}.Release|x86.ActiveCfg = Release|x86
		{96DF60D8-0B65-41B9-8A43-08FF823864B9}.Release|x86.Build.0 = Release|x86
		{C35BB142-8CED-45A2-B104-313458DE4CDF}.Debug|Any CPU.ActiveCfg = Debug|Any CPU
		{C35BB142-8CED-45A2-B104-313458DE4CDF}.Debug|Any CPU.Build.0 = Debug|Any CPU
		{C35BB142-8CED-45A2-B104-313458DE4CDF}.Debug|Mixed Platforms.ActiveCfg = Debug|Any CPU
		{C35BB142-8CED-45A2-B104-313458DE4CDF}.Debug|Mixed Platforms.Build.0 = Debug|Any CPU
		{C35BB142-8CED-45A2-B104-313458DE4CDF}.Debug|x86.ActiveCfg = Debug|Any CPU
		{C35BB142-8CED-45A2-B104-313458DE4CDF}.Release|Any CPU.ActiveCfg = Release|Any CPU
		{C35BB142-8CED-45A2-B104-313458DE4CDF}.Release|Any CPU.Build.0 = Release|Any CPU
		{C35BB142-8CED-45A2-B104-313458DE4CDF}.Release|Mixed Platforms.ActiveCfg = Release|Any CPU
		{C35BB142-8CED-45A2-B104-313458DE4CDF}.Release|Mixed Platforms.Build.0 = Release|Any CPU
		{C35BB142-8CED-45A2-B104-313458DE4CDF}.Release|x86.ActiveCfg = Release|Any CPU
		{9C7BAB70-FFE4-4551-9A98-FACE5B684C04}.Debug|Any CPU.ActiveCfg = Debug|Any CPU
		{9C7BAB70-FFE4-4551-9A98-FACE5B684C04}.Debug|Any CPU.Build.0 = Debug|Any CPU
		{9C7BAB70-FFE4-4551-9A98-FACE5B684C04}.Debug|Mixed Platforms.ActiveCfg = Debug|Any CPU
		{9C7BAB70-FFE4-4551-9A98-FACE5B684C04}.Debug|Mixed Platforms.Build.0 = Debug|Any CPU
		{9C7BAB70-FFE4-4551-9A98-FACE5B684C04}.Debug|x86.ActiveCfg = Debug|Any CPU
		{9C7BAB70-FFE4-4551-9A98-FACE5B684C04}.Release|Any CPU.ActiveCfg = Release|Any CPU
		{9C7BAB70-FFE4-4551-9A98-FACE5B684C04}.Release|Any CPU.Build.0 = Release|Any CPU
		{9C7BAB70-FFE4-4551-9A98-FACE5B684C04}.Release|Mixed Platforms.ActiveCfg = Release|Any CPU
		{9C7BAB70-FFE4-4551-9A98-FACE5B684C04}.Release|Mixed Platforms.Build.0 = Release|Any CPU
		{9C7BAB70-FFE4-4551-9A98-FACE5B684C04}.Release|x86.ActiveCfg = Release|Any CPU
		{4FD25D39-4081-40EF-BE2B-C7FE0C11FA72}.Debug|Any CPU.ActiveCfg = Debug|Any CPU
		{4FD25D39-4081-40EF-BE2B-C7FE0C11FA72}.Debug|Any CPU.Build.0 = Debug|Any CPU
		{4FD25D39-4081-40EF-BE2B-C7FE0C11FA72}.Debug|Mixed Platforms.ActiveCfg = Debug|Any CPU
		{4FD25D39-4081-40EF-BE2B-C7FE0C11FA72}.Debug|x86.ActiveCfg = Debug|Any CPU
		{4FD25D39-4081-40EF-BE2B-C7FE0C11FA72}.Release|Any CPU.ActiveCfg = Release|Any CPU
		{4FD25D39-4081-40EF-BE2B-C7FE0C11FA72}.Release|Any CPU.Build.0 = Release|Any CPU
		{4FD25D39-4081-40EF-BE2B-C7FE0C11FA72}.Release|Mixed Platforms.ActiveCfg = Release|Any CPU
		{4FD25D39-4081-40EF-BE2B-C7FE0C11FA72}.Release|Mixed Platforms.Build.0 = Release|Any CPU
		{4FD25D39-4081-40EF-BE2B-C7FE0C11FA72}.Release|x86.ActiveCfg = Release|Any CPU
		{DE9CD6C7-59E8-4CB6-804A-0F861E5A27A4}.Debug|Any CPU.ActiveCfg = Debug|Any CPU
		{DE9CD6C7-59E8-4CB6-804A-0F861E5A27A4}.Debug|Any CPU.Build.0 = Debug|Any CPU
		{DE9CD6C7-59E8-4CB6-804A-0F861E5A27A4}.Debug|Mixed Platforms.ActiveCfg = Debug|Any CPU
		{DE9CD6C7-59E8-4CB6-804A-0F861E5A27A4}.Debug|Mixed Platforms.Build.0 = Debug|Any CPU
		{DE9CD6C7-59E8-4CB6-804A-0F861E5A27A4}.Debug|x86.ActiveCfg = Debug|Any CPU
		{DE9CD6C7-59E8-4CB6-804A-0F861E5A27A4}.Release|Any CPU.ActiveCfg = Release|Any CPU
		{DE9CD6C7-59E8-4CB6-804A-0F861E5A27A4}.Release|Any CPU.Build.0 = Release|Any CPU
		{DE9CD6C7-59E8-4CB6-804A-0F861E5A27A4}.Release|Mixed Platforms.ActiveCfg = Release|Any CPU
		{DE9CD6C7-59E8-4CB6-804A-0F861E5A27A4}.Release|Mixed Platforms.Build.0 = Release|Any CPU
		{DE9CD6C7-59E8-4CB6-804A-0F861E5A27A4}.Release|x86.ActiveCfg = Release|Any CPU
	EndGlobalSection
	GlobalSection(SolutionProperties) = preSolution
		HideSolutionNode = FALSE
	EndGlobalSection
EndGlobal
